
Microsoft Visual Studio Solution File, Format Version 12.00
# Visual Studio 14
VisualStudioVersion = 14.0.25420.1
MinimumVisualStudioVersion = 10.0.40219.1
Project("{FAE04EC0-301F-11D3-BF4B-00C04F79EFBC}") = "ChargingPileService", "ChargingPileService\ChargingPileService.csproj", "{3EFA8CC6-03D7-48B6-BC5E-EBCF91C502EA}"
EndProject
Project("{FAE04EC0-301F-11D3-BF4B-00C04F79EFBC}") = "ChargingPileService.Tests", "ChargingPileService.Tests\ChargingPileService.Tests.csproj", "{F798627B-EB51-4BA3-94CA-095A20CEF3EB}"
EndProject
Project("{FAE04EC0-301F-11D3-BF4B-00C04F79EFBC}") = "aliyun-net-sdk-core", "aliyun-net-sdk-core\aliyun-net-sdk-core.csproj", "{BB84CECB-295D-4772-A669-3726E511CCFA}"
EndProject
Project("{FAE04EC0-301F-11D3-BF4B-00C04F79EFBC}") = "aliyun-net-sdk-dysmsapi", "aliyun-net-sdk-dysmsapi\aliyun-net-sdk-dysmsapi.csproj", "{5012802C-DA46-44C8-8F40-741022E5BBD7}"
EndProject
Project("{FAE04EC0-301F-11D3-BF4B-00C04F79EFBC}") = "CPS.Infrastructure", "CPS.Infrastructure\CPS.Infrastructure.csproj", "{099D33EE-0E51-41B8-BED7-0C6272B38327}"
EndProject
Project("{FAE04EC0-301F-11D3-BF4B-00C04F79EFBC}") = "AopSdk", "alipay-sdk-NET-20171012102437\AopSdk.csproj", "{9C11CAE5-5188-4E71-825B-68FC3135728A}"
EndProject
Project("{FAE04EC0-301F-11D3-BF4B-00C04F79EFBC}") = "WxPayAPI", "WxPayAPI\WxPayAPI.csproj", "{25911370-F06A-4956-8EE3-659A7BA14961}"
EndProject
Project("{FAE04EC0-301F-11D3-BF4B-00C04F79EFBC}") = "TestProject.Console", "TestProject.Console\TestProject.Console.csproj", "{D2E1A01C-7A07-4ECB-8D78-8F0229EADB77}"
EndProject
Project("{2150E333-8FDC-42A3-9474-1A3956D46DE8}") = "tools", "tools", "{F1428EEC-1FEE-4AF9-9E34-2FE6E5636B3A}"
	ProjectSection(SolutionItems) = preProject
		build.bat = build.bat
		clear.bat = clear.bat
		publish.bat = publish.bat
	EndProjectSection
EndProject
Project("{FAE04EC0-301F-11D3-BF4B-00C04F79EFBC}") = "ProductsApp", "ProductsApp\ProductsApp.csproj", "{AFBE3D04-BF3F-44DB-B21E-6EE5764EA411}"
EndProject
Project("{FAE04EC0-301F-11D3-BF4B-00C04F79EFBC}") = "ChargingPileWCFService", "ChargingPileWCFService\ChargingPileWCFService.csproj", "{21752F18-BAEC-4345-B341-93C6F03C942F}"
EndProject
Project("{FAE04EC0-301F-11D3-BF4B-00C04F79EFBC}") = "AliPayAPI", "AliPayAPI\AliPayAPI.csproj", "{61BB540E-E267-4030-9968-0C1468B614E6}"
EndProject
Project("{FAE04EC0-301F-11D3-BF4B-00C04F79EFBC}") = "CPS.PushService", "CPS.PushService\CPS.PushService.csproj", "{01F26C10-C954-4C27-83AA-ADC3D643E8A9}"
EndProject
Global
	GlobalSection(SolutionConfigurationPlatforms) = preSolution
		Debug|Any CPU = Debug|Any CPU
		Release|Any CPU = Release|Any CPU
	EndGlobalSection
	GlobalSection(ProjectConfigurationPlatforms) = postSolution
		{3EFA8CC6-03D7-48B6-BC5E-EBCF91C502EA}.Debug|Any CPU.ActiveCfg = Debug|Any CPU
		{3EFA8CC6-03D7-48B6-BC5E-EBCF91C502EA}.Debug|Any CPU.Build.0 = Debug|Any CPU
		{3EFA8CC6-03D7-48B6-BC5E-EBCF91C502EA}.Release|Any CPU.ActiveCfg = Release|Any CPU
		{3EFA8CC6-03D7-48B6-BC5E-EBCF91C502EA}.Release|Any CPU.Build.0 = Release|Any CPU
		{F798627B-EB51-4BA3-94CA-095A20CEF3EB}.Debug|Any CPU.ActiveCfg = Debug|Any CPU
		{F798627B-EB51-4BA3-94CA-095A20CEF3EB}.Debug|Any CPU.Build.0 = Debug|Any CPU
		{F798627B-EB51-4BA3-94CA-095A20CEF3EB}.Release|Any CPU.ActiveCfg = Release|Any CPU
		{F798627B-EB51-4BA3-94CA-095A20CEF3EB}.Release|Any CPU.Build.0 = Release|Any CPU
		{BB84CECB-295D-4772-A669-3726E511CCFA}.Debug|Any CPU.ActiveCfg = Debug|Any CPU
		{BB84CECB-295D-4772-A669-3726E511CCFA}.Debug|Any CPU.Build.0 = Debug|Any CPU
		{BB84CECB-295D-4772-A669-3726E511CCFA}.Release|Any CPU.ActiveCfg = Release|Any CPU
		{BB84CECB-295D-4772-A669-3726E511CCFA}.Release|Any CPU.Build.0 = Release|Any CPU
		{5012802C-DA46-44C8-8F40-741022E5BBD7}.Debug|Any CPU.ActiveCfg = Debug|Any CPU
		{5012802C-DA46-44C8-8F40-741022E5BBD7}.Debug|Any CPU.Build.0 = Debug|Any CPU
		{5012802C-DA46-44C8-8F40-741022E5BBD7}.Release|Any CPU.ActiveCfg = Release|Any CPU
		{5012802C-DA46-44C8-8F40-741022E5BBD7}.Release|Any CPU.Build.0 = Release|Any CPU
		{099D33EE-0E51-41B8-BED7-0C6272B38327}.Debug|Any CPU.ActiveCfg = Debug|Any CPU
		{099D33EE-0E51-41B8-BED7-0C6272B38327}.Debug|Any CPU.Build.0 = Debug|Any CPU
		{099D33EE-0E51-41B8-BED7-0C6272B38327}.Release|Any CPU.ActiveCfg = Release|Any CPU
		{099D33EE-0E51-41B8-BED7-0C6272B38327}.Release|Any CPU.Build.0 = Release|Any CPU
		{9C11CAE5-5188-4E71-825B-68FC3135728A}.Debug|Any CPU.ActiveCfg = Debug|Any CPU
		{9C11CAE5-5188-4E71-825B-68FC3135728A}.Debug|Any CPU.Build.0 = Debug|Any CPU
		{9C11CAE5-5188-4E71-825B-68FC3135728A}.Release|Any CPU.ActiveCfg = Release|Any CPU
		{9C11CAE5-5188-4E71-825B-68FC3135728A}.Release|Any CPU.Build.0 = Release|Any CPU
		{25911370-F06A-4956-8EE3-659A7BA14961}.Debug|Any CPU.ActiveCfg = Debug|Any CPU
		{25911370-F06A-4956-8EE3-659A7BA14961}.Debug|Any CPU.Build.0 = Debug|Any CPU
		{25911370-F06A-4956-8EE3-659A7BA14961}.Release|Any CPU.ActiveCfg = Release|Any CPU
		{25911370-F06A-4956-8EE3-659A7BA14961}.Release|Any CPU.Build.0 = Release|Any CPU
		{D2E1A01C-7A07-4ECB-8D78-8F0229EADB77}.Debug|Any CPU.ActiveCfg = Debug|Any CPU
		{D2E1A01C-7A07-4ECB-8D78-8F0229EADB77}.Debug|Any CPU.Build.0 = Debug|Any CPU
		{D2E1A01C-7A07-4ECB-8D78-8F0229EADB77}.Release|Any CPU.ActiveCfg = Release|Any CPU
		{D2E1A01C-7A07-4ECB-8D78-8F0229EADB77}.Release|Any CPU.Build.0 = Release|Any CPU
		{AFBE3D04-BF3F-44DB-B21E-6EE5764EA411}.Debug|Any CPU.ActiveCfg = Debug|Any CPU
		{AFBE3D04-BF3F-44DB-B21E-6EE5764EA411}.Debug|Any CPU.Build.0 = Debug|Any CPU
		{AFBE3D04-BF3F-44DB-B21E-6EE5764EA411}.Release|Any CPU.ActiveCfg = Release|Any CPU
		{AFBE3D04-BF3F-44DB-B21E-6EE5764EA411}.Release|Any CPU.Build.0 = Release|Any CPU
		{21752F18-BAEC-4345-B341-93C6F03C942F}.Debug|Any CPU.ActiveCfg = Debug|Any CPU
		{21752F18-BAEC-4345-B341-93C6F03C942F}.Debug|Any CPU.Build.0 = Debug|Any CPU
		{21752F18-BAEC-4345-B341-93C6F03C942F}.Release|Any CPU.ActiveCfg = Release|Any CPU
		{21752F18-BAEC-4345-B341-93C6F03C942F}.Release|Any CPU.Build.0 = Release|Any CPU
		{61BB540E-E267-4030-9968-0C1468B614E6}.Debug|Any CPU.ActiveCfg = Debug|Any CPU
		{61BB540E-E267-4030-9968-0C1468B614E6}.Debug|Any CPU.Build.0 = Debug|Any CPU
		{61BB540E-E267-4030-9968-0C1468B614E6}.Release|Any CPU.ActiveCfg = Release|Any CPU
		{61BB540E-E267-4030-9968-0C1468B614E6}.Release|Any CPU.Build.0 = Release|Any CPU
		{01F26C10-C954-4C27-83AA-ADC3D643E8A9}.Debug|Any CPU.ActiveCfg = Debug|Any CPU
		{01F26C10-C954-4C27-83AA-ADC3D643E8A9}.Debug|Any CPU.Build.0 = Debug|Any CPU
		{01F26C10-C954-4C27-83AA-ADC3D643E8A9}.Release|Any CPU.ActiveCfg = Release|Any CPU
		{01F26C10-C954-4C27-83AA-ADC3D643E8A9}.Release|Any CPU.Build.0 = Release|Any CPU
	EndGlobalSection
	GlobalSection(SolutionProperties) = preSolution
		HideSolutionNode = FALSE
	EndGlobalSection
EndGlobal
