
Microsoft Visual Studio Solution File, Format Version 12.00
# Visual Studio 14
VisualStudioVersion = 14.0.25420.1
MinimumVisualStudioVersion = 10.0.40219.1
Project("{FAE04EC0-301F-11D3-BF4B-00C04F79EFBC}") = "CPS.SchedulerSystem", "CPS.SchedulerSystem\CPS.SchedulerSystem.csproj", "{D0C17508-7622-40C8-835E-BEEBFA1CC987}"
EndProject
Project("{FAE04EC0-301F-11D3-BF4B-00C04F79EFBC}") = "CPS.SchedulerSystem.WebMonitor", "CPS.SchedulerSystem.WebMonitor\CPS.SchedulerSystem.WebMonitor.csproj", "{44185671-BC71-473B-BD9F-935813057638}"
EndProject
Project("{FAE04EC0-301F-11D3-BF4B-00C04F79EFBC}") = "CPS.SchedulerSystem.WebMonitor.Tests", "CPS.SchedulerSystem.WebMonitor.Tests\CPS.SchedulerSystem.WebMonitor.Tests.csproj", "{673682ED-CFB3-4331-B41A-017352161E77}"
EndProject
Project("{FAE04EC0-301F-11D3-BF4B-00C04F79EFBC}") = "CPS.Infrastructure", "CPS.Infrastructure\CPS.Infrastructure.csproj", "{099D33EE-0E51-41B8-BED7-0C6272B38327}"
EndProject
Global
	GlobalSection(SolutionConfigurationPlatforms) = preSolution
		Debug|Any CPU = Debug|Any CPU
		Release|Any CPU = Release|Any CPU
	EndGlobalSection
	GlobalSection(ProjectConfigurationPlatforms) = postSolution
		{D0C17508-7622-40C8-835E-BEEBFA1CC987}.Debug|Any CPU.ActiveCfg = Debug|Any CPU
		{D0C17508-7622-40C8-835E-BEEBFA1CC987}.Debug|Any CPU.Build.0 = Debug|Any CPU
		{D0C17508-7622-40C8-835E-BEEBFA1CC987}.Release|Any CPU.ActiveCfg = Release|Any CPU
		{D0C17508-7622-40C8-835E-BEEBFA1CC987}.Release|Any CPU.Build.0 = Release|Any CPU
		{44185671-BC71-473B-BD9F-935813057638}.Debug|Any CPU.ActiveCfg = Debug|Any CPU
		{44185671-BC71-473B-BD9F-935813057638}.Debug|Any CPU.Build.0 = Debug|Any CPU
		{44185671-BC71-473B-BD9F-935813057638}.Release|Any CPU.ActiveCfg = Release|Any CPU
		{44185671-BC71-473B-BD9F-935813057638}.Release|Any CPU.Build.0 = Release|Any CPU
		{673682ED-CFB3-4331-B41A-017352161E77}.Debug|Any CPU.ActiveCfg = Debug|Any CPU
		{673682ED-CFB3-4331-B41A-017352161E77}.Debug|Any CPU.Build.0 = Debug|Any CPU
		{673682ED-CFB3-4331-B41A-017352161E77}.Release|Any CPU.ActiveCfg = Release|Any CPU
		{673682ED-CFB3-4331-B41A-017352161E77}.Release|Any CPU.Build.0 = Release|Any CPU
		{099D33EE-0E51-41B8-BED7-0C6272B38327}.Debug|Any CPU.ActiveCfg = Debug|Any CPU
		{099D33EE-0E51-41B8-BED7-0C6272B38327}.Debug|Any CPU.Build.0 = Debug|Any CPU
		{099D33EE-0E51-41B8-BED7-0C6272B38327}.Release|Any CPU.ActiveCfg = Release|Any CPU
		{099D33EE-0E51-41B8-BED7-0C6272B38327}.Release|Any CPU.Build.0 = Release|Any CPU
	EndGlobalSection
	GlobalSection(SolutionProperties) = preSolution
		HideSolutionNode = FALSE
	EndGlobalSection
EndGlobal
