
Microsoft Visual Studio Solution File, Format Version 12.00
# Visual Studio 14
VisualStudioVersion = 14.0.25420.1
MinimumVisualStudioVersion = 10.0.40219.1
Project("{FAE04EC0-301F-11D3-BF4B-00C04F79EFBC}") = "CPS.Communication.Client", "CPS.Communication.Client\CPS.Communication.Client.csproj", "{86565817-EC87-429C-A39A-FCB7AF1AE9A9}"
EndProject
Project("{FAE04EC0-301F-11D3-BF4B-00C04F79EFBC}") = "CPS.Communication.Service", "CPS.Communication.Service\CPS.Communication.Service.csproj", "{1C05B477-5DE7-41FA-BA73-0CD90E74DC56}"
EndProject
Project("{FAE04EC0-301F-11D3-BF4B-00C04F79EFBC}") = "CPS.Infrastructure", "CPS.Infrastructure\CPS.Infrastructure.csproj", "{099D33EE-0E51-41B8-BED7-0C6272B38327}"
EndProject
Project("{2150E333-8FDC-42A3-9474-1A3956D46DE8}") = "tools", "tools", "{BF556E6B-CE1D-47D0-B74D-238E55B54BF1}"
	ProjectSection(SolutionItems) = preProject
		start.Server.AsWindowsService.bat = start.Server.AsWindowsService.bat
		start.Server.InConsoleHost.bat = start.Server.InConsoleHost.bat
		stop.Server.AsWindowsService.bat = stop.Server.AsWindowsService.bat
	EndProjectSection
EndProject
Global
	GlobalSection(SolutionConfigurationPlatforms) = preSolution
		Debug|Any CPU = Debug|Any CPU
		Release|Any CPU = Release|Any CPU
	EndGlobalSection
	GlobalSection(ProjectConfigurationPlatforms) = postSolution
		{86565817-EC87-429C-A39A-FCB7AF1AE9A9}.Debug|Any CPU.ActiveCfg = Debug|Any CPU
		{86565817-EC87-429C-A39A-FCB7AF1AE9A9}.Debug|Any CPU.Build.0 = Debug|Any CPU
		{86565817-EC87-429C-A39A-FCB7AF1AE9A9}.Release|Any CPU.ActiveCfg = Release|Any CPU
		{86565817-EC87-429C-A39A-FCB7AF1AE9A9}.Release|Any CPU.Build.0 = Release|Any CPU
		{1C05B477-5DE7-41FA-BA73-0CD90E74DC56}.Debug|Any CPU.ActiveCfg = Debug|Any CPU
		{1C05B477-5DE7-41FA-BA73-0CD90E74DC56}.Debug|Any CPU.Build.0 = Debug|Any CPU
		{1C05B477-5DE7-41FA-BA73-0CD90E74DC56}.Release|Any CPU.ActiveCfg = Release|Any CPU
		{1C05B477-5DE7-41FA-BA73-0CD90E74DC56}.Release|Any CPU.Build.0 = Release|Any CPU
		{099D33EE-0E51-41B8-BED7-0C6272B38327}.Debug|Any CPU.ActiveCfg = Debug|Any CPU
		{099D33EE-0E51-41B8-BED7-0C6272B38327}.Debug|Any CPU.Build.0 = Debug|Any CPU
		{099D33EE-0E51-41B8-BED7-0C6272B38327}.Release|Any CPU.ActiveCfg = Release|Any CPU
		{099D33EE-0E51-41B8-BED7-0C6272B38327}.Release|Any CPU.Build.0 = Release|Any CPU
	EndGlobalSection
	GlobalSection(SolutionProperties) = preSolution
		HideSolutionNode = FALSE
	EndGlobalSection
EndGlobal
